
Microsoft Visual Studio Solution File, Format Version 11.00
# Visual Studio 2010
Project("{FAE04EC0-301F-11D3-BF4B-00C04F79EFBC}") = "遥感srcoll", "Assembly-CSharp.csproj", "{B4CBEDB1-B4EA-404C-B8AE-13810AA3EF05}"
EndProject
Global
	GlobalSection(SolutionConfigurationPlatforms) = preSolution
		Debug|Any CPU = Debug|Any CPU
		Release|Any CPU = Release|Any CPU
	EndGlobalSection
	GlobalSection(ProjectConfigurationPlatforms) = postSolution
		{B4CBEDB1-B4EA-404C-B8AE-13810AA3EF05}.Debug|Any CPU.ActiveCfg = Debug|Any CPU
		{B4CBEDB1-B4EA-404C-B8AE-13810AA3EF05}.Debug|Any CPU.Build.0 = Debug|Any CPU
		{B4CBEDB1-B4EA-404C-B8AE-13810AA3EF05}.Release|Any CPU.ActiveCfg = Release|Any CPU
		{B4CBEDB1-B4EA-404C-B8AE-13810AA3EF05}.Release|Any CPU.Build.0 = Release|Any CPU
	EndGlobalSection
	GlobalSection(SolutionProperties) = preSolution
		HideSolutionNode = FALSE
	EndGlobalSection
	GlobalSection(MonoDevelopProperties) = preSolution
		StartupItem = Assembly-CSharp.csproj
	EndGlobalSection
EndGlobal
